
Microsoft Visual Studio Solution File, Format Version 12.00
# Visual Studio Version 16
VisualStudioVersion = 16.0.30330.147
MinimumVisualStudioVersion = 10.0.40219.1
Project("{FAE04EC0-301F-11D3-BF4B-00C04F79EFBC}") = "KthSmallestElement", "KthSmallestElement\KthSmallestElement.csproj", "{2A5D7EA5-6D84-424F-9A88-32F970B83159}"
EndProject
Global
	GlobalSection(SolutionConfigurationPlatforms) = preSolution
		Debug|Any CPU = Debug|Any CPU
		Release|Any CPU = Release|Any CPU
	EndGlobalSection
	GlobalSection(ProjectConfigurationPlatforms) = postSolution
		{2A5D7EA5-6D84-424F-9A88-32F970B83159}.Debug|Any CPU.ActiveCfg = Debug|Any CPU
		{2A5D7EA5-6D84-424F-9A88-32F970B83159}.Debug|Any CPU.Build.0 = Debug|Any CPU
		{2A5D7EA5-6D84-424F-9A88-32F970B83159}.Release|Any CPU.ActiveCfg = Release|Any CPU
		{2A5D7EA5-6D84-424F-9A88-32F970B83159}.Release|Any CPU.Build.0 = Release|Any CPU
	EndGlobalSection
	GlobalSection(SolutionProperties) = preSolution
		HideSolutionNode = FALSE
	EndGlobalSection
	GlobalSection(ExtensibilityGlobals) = postSolution
		SolutionGuid = {6B37F985-6B95-4497-9A48-398EDDD4A62A}
	EndGlobalSection
EndGlobal
