
Microsoft Visual Studio Solution File, Format Version 12.00
# Visual Studio Version 16
VisualStudioVersion = 16.0.30330.147
MinimumVisualStudioVersion = 10.0.40219.1
Project("{FAE04EC0-301F-11D3-BF4B-00C04F79EFBC}") = "DecreasingFrequency", "DecreasingFrequency\DecreasingFrequency.csproj", "{45BBB90C-FD8F-4041-8DED-7C380316C491}"
EndProject
Global
	GlobalSection(SolutionConfigurationPlatforms) = preSolution
		Debug|Any CPU = Debug|Any CPU
		Release|Any CPU = Release|Any CPU
	EndGlobalSection
	GlobalSection(ProjectConfigurationPlatforms) = postSolution
		{45BBB90C-FD8F-4041-8DED-7C380316C491}.Debug|Any CPU.ActiveCfg = Debug|Any CPU
		{45BBB90C-FD8F-4041-8DED-7C380316C491}.Debug|Any CPU.Build.0 = Debug|Any CPU
		{45BBB90C-FD8F-4041-8DED-7C380316C491}.Release|Any CPU.ActiveCfg = Release|Any CPU
		{45BBB90C-FD8F-4041-8DED-7C380316C491}.Release|Any CPU.Build.0 = Release|Any CPU
	EndGlobalSection
	GlobalSection(SolutionProperties) = preSolution
		HideSolutionNode = FALSE
	EndGlobalSection
	GlobalSection(ExtensibilityGlobals) = postSolution
		SolutionGuid = {2C2567D3-D10D-41F6-8736-11C1ADD4162D}
	EndGlobalSection
EndGlobal
