
Microsoft Visual Studio Solution File, Format Version 12.00
# Visual Studio Version 16
VisualStudioVersion = 16.0.30330.147
MinimumVisualStudioVersion = 10.0.40219.1
Project("{FAE04EC0-301F-11D3-BF4B-00C04F79EFBC}") = "PrintSpiral2DArray", "PrintSpiral2DArray\PrintSpiral2DArray.csproj", "{7AD982ED-4DAC-408E-A334-9EC89A3EE4DA}"
EndProject
Global
	GlobalSection(SolutionConfigurationPlatforms) = preSolution
		Debug|Any CPU = Debug|Any CPU
		Release|Any CPU = Release|Any CPU
	EndGlobalSection
	GlobalSection(ProjectConfigurationPlatforms) = postSolution
		{7AD982ED-4DAC-408E-A334-9EC89A3EE4DA}.Debug|Any CPU.ActiveCfg = Debug|Any CPU
		{7AD982ED-4DAC-408E-A334-9EC89A3EE4DA}.Debug|Any CPU.Build.0 = Debug|Any CPU
		{7AD982ED-4DAC-408E-A334-9EC89A3EE4DA}.Release|Any CPU.ActiveCfg = Release|Any CPU
		{7AD982ED-4DAC-408E-A334-9EC89A3EE4DA}.Release|Any CPU.Build.0 = Release|Any CPU
	EndGlobalSection
	GlobalSection(SolutionProperties) = preSolution
		HideSolutionNode = FALSE
	EndGlobalSection
	GlobalSection(ExtensibilityGlobals) = postSolution
		SolutionGuid = {6A3D5D1B-DFF9-43A5-B9ED-3BEE16553E84}
	EndGlobalSection
EndGlobal
